
Microsoft Visual Studio Solution File, Format Version 12.00
# Visual Studio Version 16
VisualStudioVersion = 16.0.30114.105
MinimumVisualStudioVersion = 10.0.40219.1
Project("{FAE04EC0-301F-11D3-BF4B-00C04F79EFBC}") = "Delegate", "Delegate.csproj", "{BDADEEA7-314A-4104-8F30-18DDDBE48955}"
EndProject
Global
	GlobalSection(SolutionConfigurationPlatforms) = preSolution
		Debug|Any CPU = Debug|Any CPU
		Release|Any CPU = Release|Any CPU
	EndGlobalSection
	GlobalSection(SolutionProperties) = preSolution
		HideSolutionNode = FALSE
	EndGlobalSection
	GlobalSection(ProjectConfigurationPlatforms) = postSolution
		{BDADEEA7-314A-4104-8F30-18DDDBE48955}.Debug|Any CPU.ActiveCfg = Debug|Any CPU
		{BDADEEA7-314A-4104-8F30-18DDDBE48955}.Debug|Any CPU.Build.0 = Debug|Any CPU
		{BDADEEA7-314A-4104-8F30-18DDDBE48955}.Release|Any CPU.ActiveCfg = Release|Any CPU
		{BDADEEA7-314A-4104-8F30-18DDDBE48955}.Release|Any CPU.Build.0 = Release|Any CPU
	EndGlobalSection
EndGlobal
